
Microsoft Visual Studio Solution File, Format Version 12.00
# Visual Studio Version 17
VisualStudioVersion = 17.5.002.0
MinimumVisualStudioVersion = 10.0.40219.1
Project("{2150E333-8FDC-42A3-9474-1A3956D46DE8}") = "src", "src", "{2C0C080E-D5C6-4B41-B35D-588AC01AABC5}"
EndProject
Project("{9A19103F-16F7-4668-BE54-9A1E7A4F7556}") = "Library", "src\Library\Library.csproj", "{AC159A6F-C666-4CC2-B247-5E0017E83E11}"
EndProject
Project("{9A19103F-16F7-4668-BE54-9A1E7A4F7556}") = "Program", "src\Program\Program.csproj", "{BF505CCF-989A-44E8-BAAF-5C1E2FB20927}"
EndProject
Global
	GlobalSection(SolutionConfigurationPlatforms) = preSolution
		Debug|Any CPU = Debug|Any CPU
		Release|Any CPU = Release|Any CPU
	EndGlobalSection
	GlobalSection(ProjectConfigurationPlatforms) = postSolution
		{AC159A6F-C666-4CC2-B247-5E0017E83E11}.Debug|Any CPU.ActiveCfg = Debug|Any CPU
		{AC159A6F-C666-4CC2-B247-5E0017E83E11}.Debug|Any CPU.Build.0 = Debug|Any CPU
		{AC159A6F-C666-4CC2-B247-5E0017E83E11}.Release|Any CPU.ActiveCfg = Release|Any CPU
		{AC159A6F-C666-4CC2-B247-5E0017E83E11}.Release|Any CPU.Build.0 = Release|Any CPU
		{BF505CCF-989A-44E8-BAAF-5C1E2FB20927}.Debug|Any CPU.ActiveCfg = Debug|Any CPU
		{BF505CCF-989A-44E8-BAAF-5C1E2FB20927}.Debug|Any CPU.Build.0 = Debug|Any CPU
		{BF505CCF-989A-44E8-BAAF-5C1E2FB20927}.Release|Any CPU.ActiveCfg = Release|Any CPU
		{BF505CCF-989A-44E8-BAAF-5C1E2FB20927}.Release|Any CPU.Build.0 = Release|Any CPU
	EndGlobalSection
	GlobalSection(SolutionProperties) = preSolution
		HideSolutionNode = FALSE
	EndGlobalSection
	GlobalSection(NestedProjects) = preSolution
		{AC159A6F-C666-4CC2-B247-5E0017E83E11} = {2C0C080E-D5C6-4B41-B35D-588AC01AABC5}
		{BF505CCF-989A-44E8-BAAF-5C1E2FB20927} = {2C0C080E-D5C6-4B41-B35D-588AC01AABC5}
	EndGlobalSection
	GlobalSection(ExtensibilityGlobals) = postSolution
		SolutionGuid = {66C1A8F3-2CDE-4761-8E9D-FDA08DCC19FA}
	EndGlobalSection
EndGlobal
